
Microsoft Visual Studio Solution File, Format Version 12.00
# Visual Studio 15
Project("{FAE04EC0-301F-11D3-BF4B-00C04F79EFBC}") = "Assembly-CSharp", "Assembly-CSharp.csproj", "{290027B6-A0BF-FF60-D72F-7E4BFF58764A}"
EndProject
Project("{FAE04EC0-301F-11D3-BF4B-00C04F79EFBC}") = "Assembly-CSharp-Editor", "Assembly-CSharp-Editor.csproj", "{83794675-A101-CAF8-35E4-2607B091B869}"
EndProject
Global
	GlobalSection(SolutionConfigurationPlatforms) = preSolution
		Debug|Any CPU = Debug|Any CPU
		Release|Any CPU = Release|Any CPU
	EndGlobalSection
	GlobalSection(ProjectConfigurationPlatforms) = postSolution
		{290027B6-A0BF-FF60-D72F-7E4BFF58764A}.Debug|Any CPU.ActiveCfg = Debug|Any CPU
		{290027B6-A0BF-FF60-D72F-7E4BFF58764A}.Debug|Any CPU.Build.0 = Debug|Any CPU
		{290027B6-A0BF-FF60-D72F-7E4BFF58764A}.Release|Any CPU.ActiveCfg = Release|Any CPU
		{290027B6-A0BF-FF60-D72F-7E4BFF58764A}.Release|Any CPU.Build.0 = Release|Any CPU
		{83794675-A101-CAF8-35E4-2607B091B869}.Debug|Any CPU.ActiveCfg = Debug|Any CPU
		{83794675-A101-CAF8-35E4-2607B091B869}.Debug|Any CPU.Build.0 = Debug|Any CPU
		{83794675-A101-CAF8-35E4-2607B091B869}.Release|Any CPU.ActiveCfg = Release|Any CPU
		{83794675-A101-CAF8-35E4-2607B091B869}.Release|Any CPU.Build.0 = Release|Any CPU
	EndGlobalSection
	GlobalSection(SolutionProperties) = preSolution
		HideSolutionNode = FALSE
	EndGlobalSection
	GlobalSection(MonoDevelopProperties) = preSolution
		StartupItem = Assembly-CSharp.csproj
	EndGlobalSection
EndGlobal
